
Microsoft Visual Studio Solution File, Format Version 12.00
# Visual Studio Version 17
VisualStudioVersion = 17.8.34511.84
MinimumVisualStudioVersion = 10.0.40219.1
Project("{FAE04EC0-301F-11D3-BF4B-00C04F79EFBC}") = "Presentation", "Presentation.csproj", "{7E258E7A-42FA-4AC5-BAFA-B75EA4FED349}"
EndProject
Project("{9A19103F-16F7-4668-BE54-9A1E7A4F7556}") = "DataAccess", "..\DataAccess\DataAccess.csproj", "{6A0A62CD-76F4-44ED-BEA9-9D9156062E18}"
EndProject
Project("{9A19103F-16F7-4668-BE54-9A1E7A4F7556}") = "BusinessLogic", "..\BusinessLogic\BusinessLogic.csproj", "{0AA684B5-A956-41DF-8665-4F92DB1F88FE}"
EndProject
Global
	GlobalSection(SolutionConfigurationPlatforms) = preSolution
		Debug|Any CPU = Debug|Any CPU
		Release|Any CPU = Release|Any CPU
	EndGlobalSection
	GlobalSection(ProjectConfigurationPlatforms) = postSolution
		{7E258E7A-42FA-4AC5-BAFA-B75EA4FED349}.Debug|Any CPU.ActiveCfg = Debug|Any CPU
		{7E258E7A-42FA-4AC5-BAFA-B75EA4FED349}.Debug|Any CPU.Build.0 = Debug|Any CPU
		{7E258E7A-42FA-4AC5-BAFA-B75EA4FED349}.Release|Any CPU.ActiveCfg = Release|Any CPU
		{7E258E7A-42FA-4AC5-BAFA-B75EA4FED349}.Release|Any CPU.Build.0 = Release|Any CPU
		{6A0A62CD-76F4-44ED-BEA9-9D9156062E18}.Debug|Any CPU.ActiveCfg = Debug|Any CPU
		{6A0A62CD-76F4-44ED-BEA9-9D9156062E18}.Debug|Any CPU.Build.0 = Debug|Any CPU
		{6A0A62CD-76F4-44ED-BEA9-9D9156062E18}.Release|Any CPU.ActiveCfg = Release|Any CPU
		{6A0A62CD-76F4-44ED-BEA9-9D9156062E18}.Release|Any CPU.Build.0 = Release|Any CPU
		{0AA684B5-A956-41DF-8665-4F92DB1F88FE}.Debug|Any CPU.ActiveCfg = Debug|Any CPU
		{0AA684B5-A956-41DF-8665-4F92DB1F88FE}.Debug|Any CPU.Build.0 = Debug|Any CPU
		{0AA684B5-A956-41DF-8665-4F92DB1F88FE}.Release|Any CPU.ActiveCfg = Release|Any CPU
		{0AA684B5-A956-41DF-8665-4F92DB1F88FE}.Release|Any CPU.Build.0 = Release|Any CPU
	EndGlobalSection
	GlobalSection(SolutionProperties) = preSolution
		HideSolutionNode = FALSE
	EndGlobalSection
	GlobalSection(ExtensibilityGlobals) = postSolution
		SolutionGuid = {CCC34E42-2E94-4DD6-A0A2-CBA26C590F90}
	EndGlobalSection
EndGlobal
